
Microsoft Visual Studio Solution File, Format Version 12.00
# Visual Studio Version 17
VisualStudioVersion = 17.14.36414.22 d17.14
MinimumVisualStudioVersion = 10.0.40219.1
Project("{FAE04EC0-301F-11D3-BF4B-00C04F79EFBC}") = "2200_AndersonK_Assignment03", "2200_AndersonK_Assignment03.csproj", "{A2D33577-73F4-46BE-AC9E-92EA1CDFC046}"
EndProject
Global
	GlobalSection(SolutionConfigurationPlatforms) = preSolution
		Debug|Any CPU = Debug|Any CPU
		Release|Any CPU = Release|Any CPU
	EndGlobalSection
	GlobalSection(ProjectConfigurationPlatforms) = postSolution
		{A2D33577-73F4-46BE-AC9E-92EA1CDFC046}.Debug|Any CPU.ActiveCfg = Debug|Any CPU
		{A2D33577-73F4-46BE-AC9E-92EA1CDFC046}.Debug|Any CPU.Build.0 = Debug|Any CPU
		{A2D33577-73F4-46BE-AC9E-92EA1CDFC046}.Release|Any CPU.ActiveCfg = Release|Any CPU
		{A2D33577-73F4-46BE-AC9E-92EA1CDFC046}.Release|Any CPU.Build.0 = Release|Any CPU
	EndGlobalSection
	GlobalSection(SolutionProperties) = preSolution
		HideSolutionNode = FALSE
	EndGlobalSection
	GlobalSection(ExtensibilityGlobals) = postSolution
		SolutionGuid = {13A8B8DC-6082-4E56-A53A-14A8C2058AA2}
	EndGlobalSection
EndGlobal
