
Microsoft Visual Studio Solution File, Format Version 12.00
# Visual Studio Version 17
VisualStudioVersion = 17.0.31903.59
MinimumVisualStudioVersion = 10.0.40219.1
Project("{2150E333-8FDC-42A3-9474-1A3956D46DE8}") = "M01", "M01", "{06878EDC-7A94-4089-A47E-E2BF6574476D}"
EndProject
Project("{FAE04EC0-301F-11D3-BF4B-00C04F79EFBC}") = "2200_AndersonK_Participation01", "M01\2200_AndersonK_Participation01\2200_AndersonK_Participation01.csproj", "{9B2BC356-8D47-41E0-8525-806F400D8003}"
EndProject
Project("{2150E333-8FDC-42A3-9474-1A3956D46DE8}") = "M01", "M01", "{4A4C5694-997C-4AF7-B9FB-9EBAC5C19BEC}"
EndProject
Project("{FAE04EC0-301F-11D3-BF4B-00C04F79EFBC}") = "2200_AndersonK_Assignment01", "M01\2200_AndersonK_Assignment01\2200_AndersonK_Assignment01.csproj", "{E0F90E9B-C15C-436C-BD71-9FE0B0ECA3A8}"
EndProject
Global
	GlobalSection(SolutionConfigurationPlatforms) = preSolution
		Debug|Any CPU = Debug|Any CPU
		Release|Any CPU = Release|Any CPU
	EndGlobalSection
	GlobalSection(SolutionProperties) = preSolution
		HideSolutionNode = FALSE
	EndGlobalSection
	GlobalSection(ProjectConfigurationPlatforms) = postSolution
		{9B2BC356-8D47-41E0-8525-806F400D8003}.Debug|Any CPU.ActiveCfg = Debug|Any CPU
		{9B2BC356-8D47-41E0-8525-806F400D8003}.Debug|Any CPU.Build.0 = Debug|Any CPU
		{9B2BC356-8D47-41E0-8525-806F400D8003}.Release|Any CPU.ActiveCfg = Release|Any CPU
		{9B2BC356-8D47-41E0-8525-806F400D8003}.Release|Any CPU.Build.0 = Release|Any CPU
		{E0F90E9B-C15C-436C-BD71-9FE0B0ECA3A8}.Debug|Any CPU.ActiveCfg = Debug|Any CPU
		{E0F90E9B-C15C-436C-BD71-9FE0B0ECA3A8}.Debug|Any CPU.Build.0 = Debug|Any CPU
		{E0F90E9B-C15C-436C-BD71-9FE0B0ECA3A8}.Release|Any CPU.ActiveCfg = Release|Any CPU
		{E0F90E9B-C15C-436C-BD71-9FE0B0ECA3A8}.Release|Any CPU.Build.0 = Release|Any CPU
	EndGlobalSection
	GlobalSection(NestedProjects) = preSolution
		{9B2BC356-8D47-41E0-8525-806F400D8003} = {06878EDC-7A94-4089-A47E-E2BF6574476D}
		{E0F90E9B-C15C-436C-BD71-9FE0B0ECA3A8} = {4A4C5694-997C-4AF7-B9FB-9EBAC5C19BEC}
	EndGlobalSection
EndGlobal
