
Microsoft Visual Studio Solution File, Format Version 12.00
# Visual Studio Version 17
VisualStudioVersion = 17.14.36414.22 d17.14
MinimumVisualStudioVersion = 10.0.40219.1
Project("{FAE04EC0-301F-11D3-BF4B-00C04F79EFBC}") = "2200_AndersonK_Participation02", "2200_AndersonK_Participation02.csproj", "{3CBD4E8C-50DF-4E3D-838E-8D7CB2B061D5}"
EndProject
Global
	GlobalSection(SolutionConfigurationPlatforms) = preSolution
		Debug|Any CPU = Debug|Any CPU
		Release|Any CPU = Release|Any CPU
	EndGlobalSection
	GlobalSection(ProjectConfigurationPlatforms) = postSolution
		{3CBD4E8C-50DF-4E3D-838E-8D7CB2B061D5}.Debug|Any CPU.ActiveCfg = Debug|Any CPU
		{3CBD4E8C-50DF-4E3D-838E-8D7CB2B061D5}.Debug|Any CPU.Build.0 = Debug|Any CPU
		{3CBD4E8C-50DF-4E3D-838E-8D7CB2B061D5}.Release|Any CPU.ActiveCfg = Release|Any CPU
		{3CBD4E8C-50DF-4E3D-838E-8D7CB2B061D5}.Release|Any CPU.Build.0 = Release|Any CPU
	EndGlobalSection
	GlobalSection(SolutionProperties) = preSolution
		HideSolutionNode = FALSE
	EndGlobalSection
	GlobalSection(ExtensibilityGlobals) = postSolution
		SolutionGuid = {2744494C-1623-4326-BAB2-90E6EFD4B1EB}
	EndGlobalSection
EndGlobal
